// !$*UTF8*$!
{
	archiveVersion = 1;
	classes = {
	};
	objectVersion = 50;
	objects = {

/* Begin PBXBuildFile section */
		2D0575832308F41400810526 /* CompareWithCodable.swift in Sources */ = {isa = PBXBuildFile; fileRef = 2D0575822308F41400810526 /* CompareWithCodable.swift */; };
		2D0AC2B523099A4B00992F29 /* Data+Kaka.swift in Sources */ = {isa = PBXBuildFile; fileRef = 2D0AC2B423099A4B00992F29 /* Data+Kaka.swift */; };
		2D0DD8682306785E00937EF2 /* JTM_02_DataType.swift in Sources */ = {isa = PBXBuildFile; fileRef = 2D0DD8672306785E00937EF2 /* JTM_02_DataType.swift */; };
		2D5253AE2305461300F854D9 /* NSObject+KK.swift in Sources */ = {isa = PBXBuildFile; fileRef = 2D5253AD2305461300F854D9 /* NSObject+KK.swift */; };
		2D5875C82301B6E4001A809B /* MTJ_02_NestedModel.swift in Sources */ = {isa = PBXBuildFile; fileRef = 2D5875C72301B6E4001A809B /* MTJ_02_NestedModel.swift */; };
		2D5875CA2301C2C4001A809B /* MTJ_03_ModelArray.swift in Sources */ = {isa = PBXBuildFile; fileRef = 2D5875C92301C2C4001A809B /* MTJ_03_ModelArray.swift */; };
		2D5875CC2301C49D001A809B /* MTJ_04_KeyMapping.swift in Sources */ = {isa = PBXBuildFile; fileRef = 2D5875CB2301C49D001A809B /* MTJ_04_KeyMapping.swift */; };
		2D5875CE2301CFEF001A809B /* MTJ_05_CustomValue.swift in Sources */ = {isa = PBXBuildFile; fileRef = 2D5875CD2301CFEF001A809B /* MTJ_05_CustomValue.swift */; };
		2D645B9F23026E8E00075A9E /* ModelType.swift in Sources */ = {isa = PBXBuildFile; fileRef = 2D645B9E23026E8E00075A9E /* ModelType.swift */; };
		2D645BA12302995100075A9E /* TypeProxy.swift in Sources */ = {isa = PBXBuildFile; fileRef = 2D645BA02302995100075A9E /* TypeProxy.swift */; };
		2D645BA323029A0400075A9E /* ConvertibleEnum.swift in Sources */ = {isa = PBXBuildFile; fileRef = 2D645BA223029A0400075A9E /* ConvertibleEnum.swift */; };
		2D645D3F23058B2500046636 /* ConvertibleConfig.swift in Sources */ = {isa = PBXBuildFile; fileRef = 2D645D3E23058B2500046636 /* ConvertibleConfig.swift */; };
		2D7B8DE2230825D000DEC901 /* Set+KK.swift in Sources */ = {isa = PBXBuildFile; fileRef = 2D7B8DE1230825D000DEC901 /* Set+KK.swift */; };
		2D92DD232301262500A96858 /* KakaJSON.framework in Frameworks */ = {isa = PBXBuildFile; fileRef = 2D92DD192301262500A96858 /* KakaJSON.framework */; };
		2D92DD2A2301262500A96858 /* KakaJSON.h in Headers */ = {isa = PBXBuildFile; fileRef = 2D92DD1C2301262500A96858 /* KakaJSON.h */; settings = {ATTRIBUTES = (Public, ); }; };
		2D92DDA8230126BD00A96858 /* Common.swift in Sources */ = {isa = PBXBuildFile; fileRef = 2D92DD9F230126BD00A96858 /* Common.swift */; };
		2D92DDA9230126BD00A96858 /* MTJ_01_Basic.swift in Sources */ = {isa = PBXBuildFile; fileRef = 2D92DDA1230126BD00A96858 /* MTJ_01_Basic.swift */; };
		2D92DDAA230126BD00A96858 /* JTM_04_ModelArray.swift in Sources */ = {isa = PBXBuildFile; fileRef = 2D92DDA3230126BD00A96858 /* JTM_04_ModelArray.swift */; };
		2D92DDAB230126BD00A96858 /* JTM_05_KeyMapping.swift in Sources */ = {isa = PBXBuildFile; fileRef = 2D92DDA4230126BD00A96858 /* JTM_05_KeyMapping.swift */; };
		2D92DDAC230126BD00A96858 /* JTM_01_Basic.swift in Sources */ = {isa = PBXBuildFile; fileRef = 2D92DDA5230126BD00A96858 /* JTM_01_Basic.swift */; };
		2D92DDAD230126BD00A96858 /* JTM_03_NestedModel.swift in Sources */ = {isa = PBXBuildFile; fileRef = 2D92DDA6230126BD00A96858 /* JTM_03_NestedModel.swift */; };
		2D92DDAE230126BD00A96858 /* JTM_06_CustomValue.swift in Sources */ = {isa = PBXBuildFile; fileRef = 2D92DDA7230126BD00A96858 /* JTM_06_CustomValue.swift */; };
		2D92DDDE2301279E00A96858 /* Logger.swift in Sources */ = {isa = PBXBuildFile; fileRef = 2D92DDB02301279E00A96858 /* Logger.swift */; };
		2D92DDDF2301279E00A96858 /* Convertible.swift in Sources */ = {isa = PBXBuildFile; fileRef = 2D92DDB12301279E00A96858 /* Convertible.swift */; };
		2D92DDE02301279E00A96858 /* KK.swift in Sources */ = {isa = PBXBuildFile; fileRef = 2D92DDB22301279E00A96858 /* KK.swift */; };
		2D92DDE12301279E00A96858 /* Instance.swift in Sources */ = {isa = PBXBuildFile; fileRef = 2D92DDB32301279E00A96858 /* Instance.swift */; };
		2D92DDE42301279E00A96858 /* KakaJSON.swift in Sources */ = {isa = PBXBuildFile; fileRef = 2D92DDB62301279E00A96858 /* KakaJSON.swift */; };
		2D92DDE52301279E00A96858 /* Pointer+KK.swift in Sources */ = {isa = PBXBuildFile; fileRef = 2D92DDB82301279E00A96858 /* Pointer+KK.swift */; };
		2D92DDE62301279E00A96858 /* Dictionary+KK.swift in Sources */ = {isa = PBXBuildFile; fileRef = 2D92DDB92301279E00A96858 /* Dictionary+KK.swift */; };
		2D92DDE72301279E00A96858 /* String+KK.swift in Sources */ = {isa = PBXBuildFile; fileRef = 2D92DDBA2301279E00A96858 /* String+KK.swift */; };
		2D92DDE82301279E00A96858 /* Optional+KK.swift in Sources */ = {isa = PBXBuildFile; fileRef = 2D92DDBB2301279E00A96858 /* Optional+KK.swift */; };
		2D92DDE92301279E00A96858 /* JSONSerialization+KK.swift in Sources */ = {isa = PBXBuildFile; fileRef = 2D92DDBC2301279E00A96858 /* JSONSerialization+KK.swift */; };
		2D92DDEA2301279E00A96858 /* Metadata.swift in Sources */ = {isa = PBXBuildFile; fileRef = 2D92DDBE2301279E00A96858 /* Metadata.swift */; };
		2D92DDEB2301279E00A96858 /* Property.swift in Sources */ = {isa = PBXBuildFile; fileRef = 2D92DDBF2301279E00A96858 /* Property.swift */; };
		2D92DDEC2301279E00A96858 /* FieldList.swift in Sources */ = {isa = PBXBuildFile; fileRef = 2D92DDC12301279E00A96858 /* FieldList.swift */; };
		2D92DDED2301279E00A96858 /* ClassLayout.swift in Sources */ = {isa = PBXBuildFile; fileRef = 2D92DDC22301279E00A96858 /* ClassLayout.swift */; };
		2D92DDEE2301279E00A96858 /* FunctionLayout.swift in Sources */ = {isa = PBXBuildFile; fileRef = 2D92DDC32301279E00A96858 /* FunctionLayout.swift */; };
		2D92DDEF2301279E00A96858 /* ProtocolLayout.swift in Sources */ = {isa = PBXBuildFile; fileRef = 2D92DDC42301279E00A96858 /* ProtocolLayout.swift */; };
		2D92DDF02301279E00A96858 /* TupleLayout.swift in Sources */ = {isa = PBXBuildFile; fileRef = 2D92DDC52301279E00A96858 /* TupleLayout.swift */; };
		2D92DDF12301279E00A96858 /* Layout.swift in Sources */ = {isa = PBXBuildFile; fileRef = 2D92DDC62301279E00A96858 /* Layout.swift */; };
		2D92DDF22301279E00A96858 /* EnumLayout.swift in Sources */ = {isa = PBXBuildFile; fileRef = 2D92DDC72301279E00A96858 /* EnumLayout.swift */; };
		2D92DDF32301279E00A96858 /* BaseLayout.swift in Sources */ = {isa = PBXBuildFile; fileRef = 2D92DDC82301279E00A96858 /* BaseLayout.swift */; };
		2D92DDF42301279E00A96858 /* StructLayout.swift in Sources */ = {isa = PBXBuildFile; fileRef = 2D92DDC92301279E00A96858 /* StructLayout.swift */; };
		2D92DDF52301279E00A96858 /* TupleType.swift in Sources */ = {isa = PBXBuildFile; fileRef = 2D92DDCB2301279E00A96858 /* TupleType.swift */; };
		2D92DDF62301279E00A96858 /* ForeignClassType.swift in Sources */ = {isa = PBXBuildFile; fileRef = 2D92DDCC2301279E00A96858 /* ForeignClassType.swift */; };
		2D92DDF72301279E00A96858 /* FunctionType.swift in Sources */ = {isa = PBXBuildFile; fileRef = 2D92DDCD2301279E00A96858 /* FunctionType.swift */; };
		2D92DDF82301279E00A96858 /* Type.swift in Sources */ = {isa = PBXBuildFile; fileRef = 2D92DDCE2301279E00A96858 /* Type.swift */; };
		2D92DDF92301279E00A96858 /* ProtocolType.swift in Sources */ = {isa = PBXBuildFile; fileRef = 2D92DDCF2301279E00A96858 /* ProtocolType.swift */; };
		2D92DDFA2301279E00A96858 /* ClassType.swift in Sources */ = {isa = PBXBuildFile; fileRef = 2D92DDD02301279E00A96858 /* ClassType.swift */; };
		2D92DDFB2301279E00A96858 /* StructType.swift in Sources */ = {isa = PBXBuildFile; fileRef = 2D92DDD12301279E00A96858 /* StructType.swift */; };
		2D92DDFC2301279E00A96858 /* MetaType.swift in Sources */ = {isa = PBXBuildFile; fileRef = 2D92DDD22301279E00A96858 /* MetaType.swift */; };
		2D92DDFD2301279E00A96858 /* Kind.swift in Sources */ = {isa = PBXBuildFile; fileRef = 2D92DDD32301279E00A96858 /* Kind.swift */; };
		2D92DDFE2301279E00A96858 /* OptionalType.swift in Sources */ = {isa = PBXBuildFile; fileRef = 2D92DDD42301279E00A96858 /* OptionalType.swift */; };
		2D92DDFF2301279E00A96858 /* BaseType.swift in Sources */ = {isa = PBXBuildFile; fileRef = 2D92DDD52301279E00A96858 /* BaseType.swift */; };
		2D92DE002301279E00A96858 /* EnumType.swift in Sources */ = {isa = PBXBuildFile; fileRef = 2D92DDD62301279E00A96858 /* EnumType.swift */; };
		2D92DE012301279E00A96858 /* ObjCClassType.swift in Sources */ = {isa = PBXBuildFile; fileRef = 2D92DDD72301279E00A96858 /* ObjCClassType.swift */; };
		2D92DE022301279E00A96858 /* ClassDescriptor.swift in Sources */ = {isa = PBXBuildFile; fileRef = 2D92DDD92301279E00A96858 /* ClassDescriptor.swift */; };
		2D92DE032301279E00A96858 /* Descriptor.swift in Sources */ = {isa = PBXBuildFile; fileRef = 2D92DDDA2301279E00A96858 /* Descriptor.swift */; };
		2D92DE042301279E00A96858 /* FieldDescriptor.swift in Sources */ = {isa = PBXBuildFile; fileRef = 2D92DDDB2301279E00A96858 /* FieldDescriptor.swift */; };
		2D92DE052301279E00A96858 /* EnumDescriptor.swift in Sources */ = {isa = PBXBuildFile; fileRef = 2D92DDDC2301279E00A96858 /* EnumDescriptor.swift */; };
		2D92DE062301279E00A96858 /* StructDescriptor.swift in Sources */ = {isa = PBXBuildFile; fileRef = 2D92DDDD2301279E00A96858 /* StructDescriptor.swift */; };
		2D9BB49523012CEA00E04DB9 /* JTM_07_DynamicModel.swift in Sources */ = {isa = PBXBuildFile; fileRef = 2D9BB49423012CEA00E04DB9 /* JTM_07_DynamicModel.swift */; };
		2DCEB38D230175AC0030701B /* Array+KK.swift in Sources */ = {isa = PBXBuildFile; fileRef = 2DCEB38C230175AC0030701B /* Array+KK.swift */; };
/* End PBXBuildFile section */

/* Begin PBXContainerItemProxy section */
		2D92DD242301262500A96858 /* PBXContainerItemProxy */ = {
			isa = PBXContainerItemProxy;
			containerPortal = 2D92DD102301262500A96858 /* Project object */;
			proxyType = 1;
			remoteGlobalIDString = 2D92DD182301262500A96858;
			remoteInfo = KakaJSON;
		};
/* End PBXContainerItemProxy section */

/* Begin PBXFileReference section */
		2D0575822308F41400810526 /* CompareWithCodable.swift */ = {isa = PBXFileReference; lastKnownFileType = sourcecode.swift; path = CompareWithCodable.swift; sourceTree = "<group>"; };
		2D0AC2B423099A4B00992F29 /* Data+Kaka.swift */ = {isa = PBXFileReference; lastKnownFileType = sourcecode.swift; path = "Data+Kaka.swift"; sourceTree = "<group>"; };
		2D0DD8672306785E00937EF2 /* JTM_02_DataType.swift */ = {isa = PBXFileReference; lastKnownFileType = sourcecode.swift; path = JTM_02_DataType.swift; sourceTree = "<group>"; };
		2D0EAA0E2303C0EB000691AC /* DevGuidline.h */ = {isa = PBXFileReference; lastKnownFileType = sourcecode.c.h; path = DevGuidline.h; sourceTree = "<group>"; };
		2D5253AD2305461300F854D9 /* NSObject+KK.swift */ = {isa = PBXFileReference; lastKnownFileType = sourcecode.swift; path = "NSObject+KK.swift"; sourceTree = "<group>"; };
		2D5875C72301B6E4001A809B /* MTJ_02_NestedModel.swift */ = {isa = PBXFileReference; lastKnownFileType = sourcecode.swift; path = MTJ_02_NestedModel.swift; sourceTree = "<group>"; };
		2D5875C92301C2C4001A809B /* MTJ_03_ModelArray.swift */ = {isa = PBXFileReference; lastKnownFileType = sourcecode.swift; path = MTJ_03_ModelArray.swift; sourceTree = "<group>"; };
		2D5875CB2301C49D001A809B /* MTJ_04_KeyMapping.swift */ = {isa = PBXFileReference; lastKnownFileType = sourcecode.swift; path = MTJ_04_KeyMapping.swift; sourceTree = "<group>"; };
		2D5875CD2301CFEF001A809B /* MTJ_05_CustomValue.swift */ = {isa = PBXFileReference; lastKnownFileType = sourcecode.swift; path = MTJ_05_CustomValue.swift; sourceTree = "<group>"; };
		2D645B9E23026E8E00075A9E /* ModelType.swift */ = {isa = PBXFileReference; lastKnownFileType = sourcecode.swift; path = ModelType.swift; sourceTree = "<group>"; };
		2D645BA02302995100075A9E /* TypeProxy.swift */ = {isa = PBXFileReference; lastKnownFileType = sourcecode.swift; path = TypeProxy.swift; sourceTree = "<group>"; };
		2D645BA223029A0400075A9E /* ConvertibleEnum.swift */ = {isa = PBXFileReference; lastKnownFileType = sourcecode.swift; path = ConvertibleEnum.swift; sourceTree = "<group>"; };
		2D645D3E23058B2500046636 /* ConvertibleConfig.swift */ = {isa = PBXFileReference; lastKnownFileType = sourcecode.swift; path = ConvertibleConfig.swift; sourceTree = "<group>"; };
		2D7B8DE1230825D000DEC901 /* Set+KK.swift */ = {isa = PBXFileReference; lastKnownFileType = sourcecode.swift; path = "Set+KK.swift"; sourceTree = "<group>"; };
		2D92DD192301262500A96858 /* KakaJSON.framework */ = {isa = PBXFileReference; explicitFileType = wrapper.framework; includeInIndex = 0; path = KakaJSON.framework; sourceTree = BUILT_PRODUCTS_DIR; };
		2D92DD1C2301262500A96858 /* KakaJSON.h */ = {isa = PBXFileReference; lastKnownFileType = sourcecode.c.h; path = KakaJSON.h; sourceTree = "<group>"; };
		2D92DD1D2301262500A96858 /* Info.plist */ = {isa = PBXFileReference; lastKnownFileType = text.plist.xml; path = Info.plist; sourceTree = "<group>"; };
		2D92DD222301262500A96858 /* KakaJSONTests.xctest */ = {isa = PBXFileReference; explicitFileType = wrapper.cfbundle; includeInIndex = 0; path = KakaJSONTests.xctest; sourceTree = BUILT_PRODUCTS_DIR; };
		2D92DD292301262500A96858 /* Info.plist */ = {isa = PBXFileReference; lastKnownFileType = text.plist.xml; path = Info.plist; sourceTree = "<group>"; };
		2D92DD9C230126A100A96858 /* KakaJSONTests-Bridging-Header.h */ = {isa = PBXFileReference; lastKnownFileType = sourcecode.c.h; path = "KakaJSONTests-Bridging-Header.h"; sourceTree = "<group>"; };
		2D92DD9F230126BD00A96858 /* Common.swift */ = {isa = PBXFileReference; fileEncoding = 4; lastKnownFileType = sourcecode.swift; path = Common.swift; sourceTree = "<group>"; };
		2D92DDA1230126BD00A96858 /* MTJ_01_Basic.swift */ = {isa = PBXFileReference; fileEncoding = 4; lastKnownFileType = sourcecode.swift; path = MTJ_01_Basic.swift; sourceTree = "<group>"; };
		2D92DDA3230126BD00A96858 /* JTM_04_ModelArray.swift */ = {isa = PBXFileReference; fileEncoding = 4; lastKnownFileType = sourcecode.swift; path = JTM_04_ModelArray.swift; sourceTree = "<group>"; };
		2D92DDA4230126BD00A96858 /* JTM_05_KeyMapping.swift */ = {isa = PBXFileReference; fileEncoding = 4; lastKnownFileType = sourcecode.swift; path = JTM_05_KeyMapping.swift; sourceTree = "<group>"; };
		2D92DDA5230126BD00A96858 /* JTM_01_Basic.swift */ = {isa = PBXFileReference; fileEncoding = 4; lastKnownFileType = sourcecode.swift; path = JTM_01_Basic.swift; sourceTree = "<group>"; };
		2D92DDA6230126BD00A96858 /* JTM_03_NestedModel.swift */ = {isa = PBXFileReference; fileEncoding = 4; lastKnownFileType = sourcecode.swift; path = JTM_03_NestedModel.swift; sourceTree = "<group>"; };
		2D92DDA7230126BD00A96858 /* JTM_06_CustomValue.swift */ = {isa = PBXFileReference; fileEncoding = 4; lastKnownFileType = sourcecode.swift; path = JTM_06_CustomValue.swift; sourceTree = "<group>"; };
		2D92DDB02301279E00A96858 /* Logger.swift */ = {isa = PBXFileReference; fileEncoding = 4; lastKnownFileType = sourcecode.swift; path = Logger.swift; sourceTree = "<group>"; };
		2D92DDB12301279E00A96858 /* Convertible.swift */ = {isa = PBXFileReference; fileEncoding = 4; lastKnownFileType = sourcecode.swift; path = Convertible.swift; sourceTree = "<group>"; };
		2D92DDB22301279E00A96858 /* KK.swift */ = {isa = PBXFileReference; fileEncoding = 4; lastKnownFileType = sourcecode.swift; path = KK.swift; sourceTree = "<group>"; };
		2D92DDB32301279E00A96858 /* Instance.swift */ = {isa = PBXFileReference; fileEncoding = 4; lastKnownFileType = sourcecode.swift; path = Instance.swift; sourceTree = "<group>"; };
		2D92DDB62301279E00A96858 /* KakaJSON.swift */ = {isa = PBXFileReference; fileEncoding = 4; lastKnownFileType = sourcecode.swift; path = KakaJSON.swift; sourceTree = "<group>"; };
		2D92DDB82301279E00A96858 /* Pointer+KK.swift */ = {isa = PBXFileReference; fileEncoding = 4; lastKnownFileType = sourcecode.swift; path = "Pointer+KK.swift"; sourceTree = "<group>"; };
		2D92DDB92301279E00A96858 /* Dictionary+KK.swift */ = {isa = PBXFileReference; fileEncoding = 4; lastKnownFileType = sourcecode.swift; path = "Dictionary+KK.swift"; sourceTree = "<group>"; };
		2D92DDBA2301279E00A96858 /* String+KK.swift */ = {isa = PBXFileReference; fileEncoding = 4; lastKnownFileType = sourcecode.swift; path = "String+KK.swift"; sourceTree = "<group>"; };
		2D92DDBB2301279E00A96858 /* Optional+KK.swift */ = {isa = PBXFileReference; fileEncoding = 4; lastKnownFileType = sourcecode.swift; path = "Optional+KK.swift"; sourceTree = "<group>"; };
		2D92DDBC2301279E00A96858 /* JSONSerialization+KK.swift */ = {isa = PBXFileReference; fileEncoding = 4; lastKnownFileType = sourcecode.swift; path = "JSONSerialization+KK.swift"; sourceTree = "<group>"; };
		2D92DDBE2301279E00A96858 /* Metadata.swift */ = {isa = PBXFileReference; fileEncoding = 4; lastKnownFileType = sourcecode.swift; path = Metadata.swift; sourceTree = "<group>"; };
		2D92DDBF2301279E00A96858 /* Property.swift */ = {isa = PBXFileReference; fileEncoding = 4; lastKnownFileType = sourcecode.swift; path = Property.swift; sourceTree = "<group>"; };
		2D92DDC12301279E00A96858 /* FieldList.swift */ = {isa = PBXFileReference; fileEncoding = 4; lastKnownFileType = sourcecode.swift; path = FieldList.swift; sourceTree = "<group>"; };
		2D92DDC22301279E00A96858 /* ClassLayout.swift */ = {isa = PBXFileReference; fileEncoding = 4; lastKnownFileType = sourcecode.swift; path = ClassLayout.swift; sourceTree = "<group>"; };
		2D92DDC32301279E00A96858 /* FunctionLayout.swift */ = {isa = PBXFileReference; fileEncoding = 4; lastKnownFileType = sourcecode.swift; path = FunctionLayout.swift; sourceTree = "<group>"; };
		2D92DDC42301279E00A96858 /* ProtocolLayout.swift */ = {isa = PBXFileReference; fileEncoding = 4; lastKnownFileType = sourcecode.swift; path = ProtocolLayout.swift; sourceTree = "<group>"; };
		2D92DDC52301279E00A96858 /* TupleLayout.swift */ = {isa = PBXFileReference; fileEncoding = 4; lastKnownFileType = sourcecode.swift; path = TupleLayout.swift; sourceTree = "<group>"; };
		2D92DDC62301279E00A96858 /* Layout.swift */ = {isa = PBXFileReference; fileEncoding = 4; lastKnownFileType = sourcecode.swift; path = Layout.swift; sourceTree = "<group>"; };
		2D92DDC72301279E00A96858 /* EnumLayout.swift */ = {isa = PBXFileReference; fileEncoding = 4; lastKnownFileType = sourcecode.swift; path = EnumLayout.swift; sourceTree = "<group>"; };
		2D92DDC82301279E00A96858 /* BaseLayout.swift */ = {isa = PBXFileReference; fileEncoding = 4; lastKnownFileType = sourcecode.swift; path = BaseLayout.swift; sourceTree = "<group>"; };
		2D92DDC92301279E00A96858 /* StructLayout.swift */ = {isa = PBXFileReference; fileEncoding = 4; lastKnownFileType = sourcecode.swift; path = StructLayout.swift; sourceTree = "<group>"; };
		2D92DDCB2301279E00A96858 /* TupleType.swift */ = {isa = PBXFileReference; fileEncoding = 4; lastKnownFileType = sourcecode.swift; path = TupleType.swift; sourceTree = "<group>"; };
		2D92DDCC2301279E00A96858 /* ForeignClassType.swift */ = {isa = PBXFileReference; fileEncoding = 4; lastKnownFileType = sourcecode.swift; path = ForeignClassType.swift; sourceTree = "<group>"; };
		2D92DDCD2301279E00A96858 /* FunctionType.swift */ = {isa = PBXFileReference; fileEncoding = 4; lastKnownFileType = sourcecode.swift; path = FunctionType.swift; sourceTree = "<group>"; };
		2D92DDCE2301279E00A96858 /* Type.swift */ = {isa = PBXFileReference; fileEncoding = 4; lastKnownFileType = sourcecode.swift; path = Type.swift; sourceTree = "<group>"; };
		2D92DDCF2301279E00A96858 /* ProtocolType.swift */ = {isa = PBXFileReference; fileEncoding = 4; lastKnownFileType = sourcecode.swift; path = ProtocolType.swift; sourceTree = "<group>"; };
		2D92DDD02301279E00A96858 /* ClassType.swift */ = {isa = PBXFileReference; fileEncoding = 4; lastKnownFileType = sourcecode.swift; path = ClassType.swift; sourceTree = "<group>"; };
		2D92DDD12301279E00A96858 /* StructType.swift */ = {isa = PBXFileReference; fileEncoding = 4; lastKnownFileType = sourcecode.swift; path = StructType.swift; sourceTree = "<group>"; };
		2D92DDD22301279E00A96858 /* MetaType.swift */ = {isa = PBXFileReference; fileEncoding = 4; lastKnownFileType = sourcecode.swift; path = MetaType.swift; sourceTree = "<group>"; };
		2D92DDD32301279E00A96858 /* Kind.swift */ = {isa = PBXFileReference; fileEncoding = 4; lastKnownFileType = sourcecode.swift; path = Kind.swift; sourceTree = "<group>"; };
		2D92DDD42301279E00A96858 /* OptionalType.swift */ = {isa = PBXFileReference; fileEncoding = 4; lastKnownFileType = sourcecode.swift; path = OptionalType.swift; sourceTree = "<group>"; };
		2D92DDD52301279E00A96858 /* BaseType.swift */ = {isa = PBXFileReference; fileEncoding = 4; lastKnownFileType = sourcecode.swift; path = BaseType.swift; sourceTree = "<group>"; };
		2D92DDD62301279E00A96858 /* EnumType.swift */ = {isa = PBXFileReference; fileEncoding = 4; lastKnownFileType = sourcecode.swift; path = EnumType.swift; sourceTree = "<group>"; };
		2D92DDD72301279E00A96858 /* ObjCClassType.swift */ = {isa = PBXFileReference; fileEncoding = 4; lastKnownFileType = sourcecode.swift; path = ObjCClassType.swift; sourceTree = "<group>"; };
		2D92DDD92301279E00A96858 /* ClassDescriptor.swift */ = {isa = PBXFileReference; fileEncoding = 4; lastKnownFileType = sourcecode.swift; path = ClassDescriptor.swift; sourceTree = "<group>"; };
		2D92DDDA2301279E00A96858 /* Descriptor.swift */ = {isa = PBXFileReference; fileEncoding = 4; lastKnownFileType = sourcecode.swift; path = Descriptor.swift; sourceTree = "<group>"; };
		2D92DDDB2301279E00A96858 /* FieldDescriptor.swift */ = {isa = PBXFileReference; fileEncoding = 4; lastKnownFileType = sourcecode.swift; path = FieldDescriptor.swift; sourceTree = "<group>"; };
		2D92DDDC2301279E00A96858 /* EnumDescriptor.swift */ = {isa = PBXFileReference; fileEncoding = 4; lastKnownFileType = sourcecode.swift; path = EnumDescriptor.swift; sourceTree = "<group>"; };
		2D92DDDD2301279E00A96858 /* StructDescriptor.swift */ = {isa = PBXFileReference; fileEncoding = 4; lastKnownFileType = sourcecode.swift; path = StructDescriptor.swift; sourceTree = "<group>"; };
		2D9BB49423012CEA00E04DB9 /* JTM_07_DynamicModel.swift */ = {isa = PBXFileReference; lastKnownFileType = sourcecode.swift; path = JTM_07_DynamicModel.swift; sourceTree = "<group>"; };
		2DCEB38C230175AC0030701B /* Array+KK.swift */ = {isa = PBXFileReference; lastKnownFileType = sourcecode.swift; path = "Array+KK.swift"; sourceTree = "<group>"; };
/* End PBXFileReference section */

/* Begin PBXFrameworksBuildPhase section */
		2D92DD162301262500A96858 /* Frameworks */ = {
			isa = PBXFrameworksBuildPhase;
			buildActionMask = 2147483647;
			files = (
			);
			runOnlyForDeploymentPostprocessing = 0;
		};
		2D92DD1F2301262500A96858 /* Frameworks */ = {
			isa = PBXFrameworksBuildPhase;
			buildActionMask = 2147483647;
			files = (
				2D92DD232301262500A96858 /* KakaJSON.framework in Frameworks */,
			);
			runOnlyForDeploymentPostprocessing = 0;
		};
/* End PBXFrameworksBuildPhase section */

/* Begin PBXGroup section */
		2D92DD0F2301262500A96858 = {
			isa = PBXGroup;
			children = (
				2D92DD1B2301262500A96858 /* KakaJSON */,
				2D92DD262301262500A96858 /* KakaJSONTests */,
				2D92DD1A2301262500A96858 /* Products */,
			);
			sourceTree = "<group>";
		};
		2D92DD1A2301262500A96858 /* Products */ = {
			isa = PBXGroup;
			children = (
				2D92DD192301262500A96858 /* KakaJSON.framework */,
				2D92DD222301262500A96858 /* KakaJSONTests.xctest */,
			);
			name = Products;
			sourceTree = "<group>";
		};
		2D92DD1B2301262500A96858 /* KakaJSON */ = {
			isa = PBXGroup;
			children = (
				2D92DDB72301279E00A96858 /* Extension */,
				2D92DDAF2301279E00A96858 /* JSON */,
				2D92DDBD2301279E00A96858 /* Metadata */,
				2D92DDB62301279E00A96858 /* KakaJSON.swift */,
				2D92DD1C2301262500A96858 /* KakaJSON.h */,
				2D0EAA0E2303C0EB000691AC /* DevGuidline.h */,
				2D92DD1D2301262500A96858 /* Info.plist */,
			);
			path = KakaJSON;
			sourceTree = "<group>";
		};
		2D92DD262301262500A96858 /* KakaJSONTests */ = {
			isa = PBXGroup;
			children = (
				2D92DDA2230126BD00A96858 /* JSON_To_Model */,
				2D92DDA0230126BD00A96858 /* Model_To_JSON */,
				2D92DD9F230126BD00A96858 /* Common.swift */,
				2D0575822308F41400810526 /* CompareWithCodable.swift */,
				2D92DD292301262500A96858 /* Info.plist */,
				2D92DD9C230126A100A96858 /* KakaJSONTests-Bridging-Header.h */,
			);
			path = KakaJSONTests;
			sourceTree = "<group>";
		};
		2D92DDA0230126BD00A96858 /* Model_To_JSON */ = {
			isa = PBXGroup;
			children = (
				2D92DDA1230126BD00A96858 /* MTJ_01_Basic.swift */,
				2D5875C72301B6E4001A809B /* MTJ_02_NestedModel.swift */,
				2D5875C92301C2C4001A809B /* MTJ_03_ModelArray.swift */,
				2D5875CB2301C49D001A809B /* MTJ_04_KeyMapping.swift */,
				2D5875CD2301CFEF001A809B /* MTJ_05_CustomValue.swift */,
			);
			path = Model_To_JSON;
			sourceTree = "<group>";
		};
		2D92DDA2230126BD00A96858 /* JSON_To_Model */ = {
			isa = PBXGroup;
			children = (
				2D92DDA5230126BD00A96858 /* JTM_01_Basic.swift */,
				2D0DD8672306785E00937EF2 /* JTM_02_DataType.swift */,
				2D92DDA6230126BD00A96858 /* JTM_03_NestedModel.swift */,
				2D92DDA3230126BD00A96858 /* JTM_04_ModelArray.swift */,
				2D92DDA4230126BD00A96858 /* JTM_05_KeyMapping.swift */,
				2D92DDA7230126BD00A96858 /* JTM_06_CustomValue.swift */,
				2D9BB49423012CEA00E04DB9 /* JTM_07_DynamicModel.swift */,
			);
			path = JSON_To_Model;
			sourceTree = "<group>";
		};
		2D92DDAF2301279E00A96858 /* JSON */ = {
			isa = PBXGroup;
			children = (
				2D92DDB02301279E00A96858 /* Logger.swift */,
				2D92DDB12301279E00A96858 /* Convertible.swift */,
				2D645D3E23058B2500046636 /* ConvertibleConfig.swift */,
				2D645BA223029A0400075A9E /* ConvertibleEnum.swift */,
				2D92DDB22301279E00A96858 /* KK.swift */,
				2D92DDB32301279E00A96858 /* Instance.swift */,
				2D645BA02302995100075A9E /* TypeProxy.swift */,
			);
			path = JSON;
			sourceTree = "<group>";
		};
		2D92DDB72301279E00A96858 /* Extension */ = {
			isa = PBXGroup;
			children = (
				2D92DDB82301279E00A96858 /* Pointer+KK.swift */,
				2D92DDB92301279E00A96858 /* Dictionary+KK.swift */,
				2D92DDBA2301279E00A96858 /* String+KK.swift */,
				2D92DDBB2301279E00A96858 /* Optional+KK.swift */,
				2D92DDBC2301279E00A96858 /* JSONSerialization+KK.swift */,
				2DCEB38C230175AC0030701B /* Array+KK.swift */,
				2D5253AD2305461300F854D9 /* NSObject+KK.swift */,
				2D7B8DE1230825D000DEC901 /* Set+KK.swift */,
				2D0AC2B423099A4B00992F29 /* Data+Kaka.swift */,
			);
			path = Extension;
			sourceTree = "<group>";
		};
		2D92DDBD2301279E00A96858 /* Metadata */ = {
			isa = PBXGroup;
			children = (
				2D92DDBE2301279E00A96858 /* Metadata.swift */,
				2D92DDBF2301279E00A96858 /* Property.swift */,
				2D92DDC02301279E00A96858 /* Layout */,
				2D92DDCA2301279E00A96858 /* Type */,
				2D92DDD82301279E00A96858 /* Descriptor */,
			);
			path = Metadata;
			sourceTree = "<group>";
		};
		2D92DDC02301279E00A96858 /* Layout */ = {
			isa = PBXGroup;
			children = (
				2D92DDC12301279E00A96858 /* FieldList.swift */,
				2D92DDC22301279E00A96858 /* ClassLayout.swift */,
				2D92DDC32301279E00A96858 /* FunctionLayout.swift */,
				2D92DDC42301279E00A96858 /* ProtocolLayout.swift */,
				2D92DDC52301279E00A96858 /* TupleLayout.swift */,
				2D92DDC62301279E00A96858 /* Layout.swift */,
				2D92DDC72301279E00A96858 /* EnumLayout.swift */,
				2D92DDC82301279E00A96858 /* BaseLayout.swift */,
				2D92DDC92301279E00A96858 /* StructLayout.swift */,
			);
			path = Layout;
			sourceTree = "<group>";
		};
		2D92DDCA2301279E00A96858 /* Type */ = {
			isa = PBXGroup;
			children = (
				2D92DDCE2301279E00A96858 /* Type.swift */,
				2D92DDCB2301279E00A96858 /* TupleType.swift */,
				2D92DDCC2301279E00A96858 /* ForeignClassType.swift */,
				2D92DDCD2301279E00A96858 /* FunctionType.swift */,
				2D92DDCF2301279E00A96858 /* ProtocolType.swift */,
				2D645B9E23026E8E00075A9E /* ModelType.swift */,
				2D92DDD02301279E00A96858 /* ClassType.swift */,
				2D92DDD12301279E00A96858 /* StructType.swift */,
				2D92DDD22301279E00A96858 /* MetaType.swift */,
				2D92DDD32301279E00A96858 /* Kind.swift */,
				2D92DDD42301279E00A96858 /* OptionalType.swift */,
				2D92DDD52301279E00A96858 /* BaseType.swift */,
				2D92DDD62301279E00A96858 /* EnumType.swift */,
				2D92DDD72301279E00A96858 /* ObjCClassType.swift */,
			);
			path = Type;
			sourceTree = "<group>";
		};
		2D92DDD82301279E00A96858 /* Descriptor */ = {
			isa = PBXGroup;
			children = (
				2D92DDD92301279E00A96858 /* ClassDescriptor.swift */,
				2D92DDDA2301279E00A96858 /* Descriptor.swift */,
				2D92DDDB2301279E00A96858 /* FieldDescriptor.swift */,
				2D92DDDC2301279E00A96858 /* EnumDescriptor.swift */,
				2D92DDDD2301279E00A96858 /* StructDescriptor.swift */,
			);
			path = Descriptor;
			sourceTree = "<group>";
		};
/* End PBXGroup section */

/* Begin PBXHeadersBuildPhase section */
		2D92DD142301262500A96858 /* Headers */ = {
			isa = PBXHeadersBuildPhase;
			buildActionMask = 2147483647;
			files = (
				2D92DD2A2301262500A96858 /* KakaJSON.h in Headers */,
			);
			runOnlyForDeploymentPostprocessing = 0;
		};
/* End PBXHeadersBuildPhase section */

/* Begin PBXNativeTarget section */
		2D92DD182301262500A96858 /* KakaJSON */ = {
			isa = PBXNativeTarget;
			buildConfigurationList = 2D92DD2D2301262500A96858 /* Build configuration list for PBXNativeTarget "KakaJSON" */;
			buildPhases = (
				2D92DD142301262500A96858 /* Headers */,
				2D92DD152301262500A96858 /* Sources */,
				2D92DD162301262500A96858 /* Frameworks */,
				2D92DD172301262500A96858 /* Resources */,
			);
			buildRules = (
			);
			dependencies = (
			);
			name = KakaJSON;
			productName = KakaJSON;
			productReference = 2D92DD192301262500A96858 /* KakaJSON.framework */;
			productType = "com.apple.product-type.framework";
		};
		2D92DD212301262500A96858 /* KakaJSONTests */ = {
			isa = PBXNativeTarget;
			buildConfigurationList = 2D92DD302301262500A96858 /* Build configuration list for PBXNativeTarget "KakaJSONTests" */;
			buildPhases = (
				2D92DD1E2301262500A96858 /* Sources */,
				2D92DD1F2301262500A96858 /* Frameworks */,
				2D92DD202301262500A96858 /* Resources */,
			);
			buildRules = (
			);
			dependencies = (
				2D92DD252301262500A96858 /* PBXTargetDependency */,
			);
			name = KakaJSONTests;
			productName = KakaJSONTests;
			productReference = 2D92DD222301262500A96858 /* KakaJSONTests.xctest */;
			productType = "com.apple.product-type.bundle.unit-test";
		};
/* End PBXNativeTarget section */

/* Begin PBXProject section */
		2D92DD102301262500A96858 /* Project object */ = {
			isa = PBXProject;
			attributes = {
				LastSwiftUpdateCheck = 1100;
				LastUpgradeCheck = 1100;
				ORGANIZATIONNAME = "MJ Lee";
				TargetAttributes = {
					2D92DD182301262500A96858 = {
						CreatedOnToolsVersion = 11.0;
						LastSwiftMigration = 1100;
					};
					2D92DD212301262500A96858 = {
						CreatedOnToolsVersion = 11.0;
						LastSwiftMigration = 1100;
					};
				};
			};
			buildConfigurationList = 2D92DD132301262500A96858 /* Build configuration list for PBXProject "KakaJSON" */;
			compatibilityVersion = "Xcode 9.3";
			developmentRegion = en;
			hasScannedForEncodings = 0;
			knownRegions = (
				en,
				Base,
			);
			mainGroup = 2D92DD0F2301262500A96858;
			productRefGroup = 2D92DD1A2301262500A96858 /* Products */;
			projectDirPath = "";
			projectRoot = "";
			targets = (
				2D92DD182301262500A96858 /* KakaJSON */,
				2D92DD212301262500A96858 /* KakaJSONTests */,
			);
		};
/* End PBXProject section */

/* Begin PBXResourcesBuildPhase section */
		2D92DD172301262500A96858 /* Resources */ = {
			isa = PBXResourcesBuildPhase;
			buildActionMask = 2147483647;
			files = (
			);
			runOnlyForDeploymentPostprocessing = 0;
		};
		2D92DD202301262500A96858 /* Resources */ = {
			isa = PBXResourcesBuildPhase;
			buildActionMask = 2147483647;
			files = (
			);
			runOnlyForDeploymentPostprocessing = 0;
		};
/* End PBXResourcesBuildPhase section */

/* Begin PBXSourcesBuildPhase section */
		2D92DD152301262500A96858 /* Sources */ = {
			isa = PBXSourcesBuildPhase;
			buildActionMask = 2147483647;
			files = (
				2D92DDF32301279E00A96858 /* BaseLayout.swift in Sources */,
				2D92DDEE2301279E00A96858 /* FunctionLayout.swift in Sources */,
				2D92DDED2301279E00A96858 /* ClassLayout.swift in Sources */,
				2D92DE052301279E00A96858 /* EnumDescriptor.swift in Sources */,
				2D92DE022301279E00A96858 /* ClassDescriptor.swift in Sources */,
				2D92DDF22301279E00A96858 /* EnumLayout.swift in Sources */,
				2D92DE012301279E00A96858 /* ObjCClassType.swift in Sources */,
				2D92DDFB2301279E00A96858 /* StructType.swift in Sources */,
				2D92DDEB2301279E00A96858 /* Property.swift in Sources */,
				2D92DDE92301279E00A96858 /* JSONSerialization+KK.swift in Sources */,
				2D7B8DE2230825D000DEC901 /* Set+KK.swift in Sources */,
				2D92DDF52301279E00A96858 /* TupleType.swift in Sources */,
				2D92DE032301279E00A96858 /* Descriptor.swift in Sources */,
				2D92DDDE2301279E00A96858 /* Logger.swift in Sources */,
				2DCEB38D230175AC0030701B /* Array+KK.swift in Sources */,
				2D645BA323029A0400075A9E /* ConvertibleEnum.swift in Sources */,
				2D92DDDF2301279E00A96858 /* Convertible.swift in Sources */,
				2D92DDFD2301279E00A96858 /* Kind.swift in Sources */,
				2D92DDFE2301279E00A96858 /* OptionalType.swift in Sources */,
				2D92DDFC2301279E00A96858 /* MetaType.swift in Sources */,
				2D92DDE82301279E00A96858 /* Optional+KK.swift in Sources */,
				2D92DDF42301279E00A96858 /* StructLayout.swift in Sources */,
				2D0AC2B523099A4B00992F29 /* Data+Kaka.swift in Sources */,
				2D5253AE2305461300F854D9 /* NSObject+KK.swift in Sources */,
				2D92DDE62301279E00A96858 /* Dictionary+KK.swift in Sources */,
				2D92DDEA2301279E00A96858 /* Metadata.swift in Sources */,
				2D645D3F23058B2500046636 /* ConvertibleConfig.swift in Sources */,
				2D645BA12302995100075A9E /* TypeProxy.swift in Sources */,
				2D92DDEF2301279E00A96858 /* ProtocolLayout.swift in Sources */,
				2D92DE042301279E00A96858 /* FieldDescriptor.swift in Sources */,
				2D645B9F23026E8E00075A9E /* ModelType.swift in Sources */,
				2D92DDF62301279E00A96858 /* ForeignClassType.swift in Sources */,
				2D92DDF72301279E00A96858 /* FunctionType.swift in Sources */,
				2D92DE002301279E00A96858 /* EnumType.swift in Sources */,
				2D92DDFF2301279E00A96858 /* BaseType.swift in Sources */,
				2D92DDE12301279E00A96858 /* Instance.swift in Sources */,
				2D92DDE72301279E00A96858 /* String+KK.swift in Sources */,
				2D92DDE42301279E00A96858 /* KakaJSON.swift in Sources */,
				2D92DDF92301279E00A96858 /* ProtocolType.swift in Sources */,
				2D92DDE02301279E00A96858 /* KK.swift in Sources */,
				2D92DDEC2301279E00A96858 /* FieldList.swift in Sources */,
				2D92DDF12301279E00A96858 /* Layout.swift in Sources */,
				2D92DDFA2301279E00A96858 /* ClassType.swift in Sources */,
				2D92DDE52301279E00A96858 /* Pointer+KK.swift in Sources */,
				2D92DE062301279E00A96858 /* StructDescriptor.swift in Sources */,
				2D92DDF02301279E00A96858 /* TupleLayout.swift in Sources */,
				2D92DDF82301279E00A96858 /* Type.swift in Sources */,
			);
			runOnlyForDeploymentPostprocessing = 0;
		};
		2D92DD1E2301262500A96858 /* Sources */ = {
			isa = PBXSourcesBuildPhase;
			buildActionMask = 2147483647;
			files = (
				2D5875CA2301C2C4001A809B /* MTJ_03_ModelArray.swift in Sources */,
				2D92DDAB230126BD00A96858 /* JTM_05_KeyMapping.swift in Sources */,
				2D0DD8682306785E00937EF2 /* JTM_02_DataType.swift in Sources */,
				2D92DDAC230126BD00A96858 /* JTM_01_Basic.swift in Sources */,
				2D92DDAD230126BD00A96858 /* JTM_03_NestedModel.swift in Sources */,
				2D5875C82301B6E4001A809B /* MTJ_02_NestedModel.swift in Sources */,
				2D92DDAE230126BD00A96858 /* JTM_06_CustomValue.swift in Sources */,
				2D92DDA8230126BD00A96858 /* Common.swift in Sources */,
				2D0575832308F41400810526 /* CompareWithCodable.swift in Sources */,
				2D92DDA9230126BD00A96858 /* MTJ_01_Basic.swift in Sources */,
				2D5875CC2301C49D001A809B /* MTJ_04_KeyMapping.swift in Sources */,
				2D5875CE2301CFEF001A809B /* MTJ_05_CustomValue.swift in Sources */,
				2D92DDAA230126BD00A96858 /* JTM_04_ModelArray.swift in Sources */,
				2D9BB49523012CEA00E04DB9 /* JTM_07_DynamicModel.swift in Sources */,
			);
			runOnlyForDeploymentPostprocessing = 0;
		};
/* End PBXSourcesBuildPhase section */

/* Begin PBXTargetDependency section */
		2D92DD252301262500A96858 /* PBXTargetDependency */ = {
			isa = PBXTargetDependency;
			target = 2D92DD182301262500A96858 /* KakaJSON */;
			targetProxy = 2D92DD242301262500A96858 /* PBXContainerItemProxy */;
		};
/* End PBXTargetDependency section */

/* Begin XCBuildConfiguration section */
		2D92DD2B2301262500A96858 /* Debug */ = {
			isa = XCBuildConfiguration;
			buildSettings = {
				ALWAYS_SEARCH_USER_PATHS = NO;
				CLANG_ANALYZER_NONNULL = YES;
				CLANG_ANALYZER_NUMBER_OBJECT_CONVERSION = YES_AGGRESSIVE;
				CLANG_CXX_LANGUAGE_STANDARD = "gnu++14";
				CLANG_CXX_LIBRARY = "libc++";
				CLANG_ENABLE_MODULES = YES;
				CLANG_ENABLE_OBJC_ARC = YES;
				CLANG_ENABLE_OBJC_WEAK = YES;
				CLANG_WARN_BLOCK_CAPTURE_AUTORELEASING = YES;
				CLANG_WARN_BOOL_CONVERSION = YES;
				CLANG_WARN_COMMA = YES;
				CLANG_WARN_CONSTANT_CONVERSION = YES;
				CLANG_WARN_DEPRECATED_OBJC_IMPLEMENTATIONS = YES;
				CLANG_WARN_DIRECT_OBJC_ISA_USAGE = YES_ERROR;
				CLANG_WARN_DOCUMENTATION_COMMENTS = YES;
				CLANG_WARN_EMPTY_BODY = YES;
				CLANG_WARN_ENUM_CONVERSION = YES;
				CLANG_WARN_INFINITE_RECURSION = YES;
				CLANG_WARN_INT_CONVERSION = YES;
				CLANG_WARN_NON_LITERAL_NULL_CONVERSION = YES;
				CLANG_WARN_OBJC_IMPLICIT_RETAIN_SELF = YES;
				CLANG_WARN_OBJC_LITERAL_CONVERSION = YES;
				CLANG_WARN_OBJC_ROOT_CLASS = YES_ERROR;
				CLANG_WARN_RANGE_LOOP_ANALYSIS = YES;
				CLANG_WARN_STRICT_PROTOTYPES = YES;
				CLANG_WARN_SUSPICIOUS_MOVE = YES;
				CLANG_WARN_UNGUARDED_AVAILABILITY = YES_AGGRESSIVE;
				CLANG_WARN_UNREACHABLE_CODE = YES;
				CLANG_WARN__DUPLICATE_METHOD_MATCH = YES;
				COPY_PHASE_STRIP = NO;
				CURRENT_PROJECT_VERSION = 1;
				DEBUG_INFORMATION_FORMAT = dwarf;
				ENABLE_STRICT_OBJC_MSGSEND = YES;
				ENABLE_TESTABILITY = YES;
				GCC_C_LANGUAGE_STANDARD = gnu11;
				GCC_DYNAMIC_NO_PIC = NO;
				GCC_NO_COMMON_BLOCKS = YES;
				GCC_OPTIMIZATION_LEVEL = 0;
				GCC_PREPROCESSOR_DEFINITIONS = (
					"DEBUG=1",
					"$(inherited)",
				);
				GCC_WARN_64_TO_32_BIT_CONVERSION = YES;
				GCC_WARN_ABOUT_RETURN_TYPE = YES_ERROR;
				GCC_WARN_UNDECLARED_SELECTOR = YES;
				GCC_WARN_UNINITIALIZED_AUTOS = YES_AGGRESSIVE;
				GCC_WARN_UNUSED_FUNCTION = YES;
				GCC_WARN_UNUSED_VARIABLE = YES;
				IPHONEOS_DEPLOYMENT_TARGET = 13.0;
				MTL_ENABLE_DEBUG_INFO = INCLUDE_SOURCE;
				MTL_FAST_MATH = YES;
				ONLY_ACTIVE_ARCH = YES;
				SDKROOT = iphoneos;
				SWIFT_ACTIVE_COMPILATION_CONDITIONS = DEBUG;
				SWIFT_OPTIMIZATION_LEVEL = "-Onone";
				VERSIONING_SYSTEM = "apple-generic";
				VERSION_INFO_PREFIX = "";
			};
			name = Debug;
		};
		2D92DD2C2301262500A96858 /* Release */ = {
			isa = XCBuildConfiguration;
			buildSettings = {
				ALWAYS_SEARCH_USER_PATHS = NO;
				CLANG_ANALYZER_NONNULL = YES;
				CLANG_ANALYZER_NUMBER_OBJECT_CONVERSION = YES_AGGRESSIVE;
				CLANG_CXX_LANGUAGE_STANDARD = "gnu++14";
				CLANG_CXX_LIBRARY = "libc++";
				CLANG_ENABLE_MODULES = YES;
				CLANG_ENABLE_OBJC_ARC = YES;
				CLANG_ENABLE_OBJC_WEAK = YES;
				CLANG_WARN_BLOCK_CAPTURE_AUTORELEASING = YES;
				CLANG_WARN_BOOL_CONVERSION = YES;
				CLANG_WARN_COMMA = YES;
				CLANG_WARN_CONSTANT_CONVERSION = YES;
				CLANG_WARN_DEPRECATED_OBJC_IMPLEMENTATIONS = YES;
				CLANG_WARN_DIRECT_OBJC_ISA_USAGE = YES_ERROR;
				CLANG_WARN_DOCUMENTATION_COMMENTS = YES;
				CLANG_WARN_EMPTY_BODY = YES;
				CLANG_WARN_ENUM_CONVERSION = YES;
				CLANG_WARN_INFINITE_RECURSION = YES;
				CLANG_WARN_INT_CONVERSION = YES;
				CLANG_WARN_NON_LITERAL_NULL_CONVERSION = YES;
				CLANG_WARN_OBJC_IMPLICIT_RETAIN_SELF = YES;
				CLANG_WARN_OBJC_LITERAL_CONVERSION = YES;
				CLANG_WARN_OBJC_ROOT_CLASS = YES_ERROR;
				CLANG_WARN_RANGE_LOOP_ANALYSIS = YES;
				CLANG_WARN_STRICT_PROTOTYPES = YES;
				CLANG_WARN_SUSPICIOUS_MOVE = YES;
				CLANG_WARN_UNGUARDED_AVAILABILITY = YES_AGGRESSIVE;
				CLANG_WARN_UNREACHABLE_CODE = YES;
				CLANG_WARN__DUPLICATE_METHOD_MATCH = YES;
				COPY_PHASE_STRIP = NO;
				CURRENT_PROJECT_VERSION = 1;
				DEBUG_INFORMATION_FORMAT = "dwarf-with-dsym";
				ENABLE_NS_ASSERTIONS = NO;
				ENABLE_STRICT_OBJC_MSGSEND = YES;
				GCC_C_LANGUAGE_STANDARD = gnu11;
				GCC_NO_COMMON_BLOCKS = YES;
				GCC_WARN_64_TO_32_BIT_CONVERSION = YES;
				GCC_WARN_ABOUT_RETURN_TYPE = YES_ERROR;
				GCC_WARN_UNDECLARED_SELECTOR = YES;
				GCC_WARN_UNINITIALIZED_AUTOS = YES_AGGRESSIVE;
				GCC_WARN_UNUSED_FUNCTION = YES;
				GCC_WARN_UNUSED_VARIABLE = YES;
				IPHONEOS_DEPLOYMENT_TARGET = 13.0;
				MTL_ENABLE_DEBUG_INFO = NO;
				MTL_FAST_MATH = YES;
				SDKROOT = iphoneos;
				SWIFT_COMPILATION_MODE = wholemodule;
				SWIFT_OPTIMIZATION_LEVEL = "-O";
				VALIDATE_PRODUCT = YES;
				VERSIONING_SYSTEM = "apple-generic";
				VERSION_INFO_PREFIX = "";
			};
			name = Release;
		};
		2D92DD2E2301262500A96858 /* Debug */ = {
			isa = XCBuildConfiguration;
			buildSettings = {
				CLANG_ENABLE_MODULES = YES;
				CODE_SIGN_STYLE = Automatic;
				DEFINES_MODULE = YES;
				DYLIB_COMPATIBILITY_VERSION = 1;
				DYLIB_CURRENT_VERSION = 1;
				DYLIB_INSTALL_NAME_BASE = "@rpath";
				INFOPLIST_FILE = KakaJSON/Info.plist;
				INSTALL_PATH = "$(LOCAL_LIBRARY_DIR)/Frameworks";
				IPHONEOS_DEPLOYMENT_TARGET = 8.0;
				LD_RUNPATH_SEARCH_PATHS = (
					"$(inherited)",
					"@executable_path/Frameworks",
					"@loader_path/Frameworks",
				);
				MACOSX_DEPLOYMENT_TARGET = 10.9;
				PRODUCT_BUNDLE_IDENTIFIER = com.mj.KakaJSON;
				PRODUCT_NAME = "$(TARGET_NAME:c99extidentifier)";
				SDKROOT = iphoneos;
				SKIP_INSTALL = YES;
				SWIFT_OPTIMIZATION_LEVEL = "-Onone";
				SWIFT_VERSION = 5.0;
				TARGETED_DEVICE_FAMILY = "1,2";
				TVOS_DEPLOYMENT_TARGET = 9.0;
				WATCHOS_DEPLOYMENT_TARGET = 2.0;
			};
			name = Debug;
		};
		2D92DD2F2301262500A96858 /* Release */ = {
			isa = XCBuildConfiguration;
			buildSettings = {
				CLANG_ENABLE_MODULES = YES;
				CODE_SIGN_STYLE = Automatic;
				DEFINES_MODULE = YES;
				DYLIB_COMPATIBILITY_VERSION = 1;
				DYLIB_CURRENT_VERSION = 1;
				DYLIB_INSTALL_NAME_BASE = "@rpath";
				INFOPLIST_FILE = KakaJSON/Info.plist;
				INSTALL_PATH = "$(LOCAL_LIBRARY_DIR)/Frameworks";
				IPHONEOS_DEPLOYMENT_TARGET = 8.0;
				LD_RUNPATH_SEARCH_PATHS = (
					"$(inherited)",
					"@executable_path/Frameworks",
					"@loader_path/Frameworks",
				);
				MACOSX_DEPLOYMENT_TARGET = 10.9;
				PRODUCT_BUNDLE_IDENTIFIER = com.mj.KakaJSON;
				PRODUCT_NAME = "$(TARGET_NAME:c99extidentifier)";
				SDKROOT = iphoneos;
				SKIP_INSTALL = YES;
				SWIFT_VERSION = 5.0;
				TARGETED_DEVICE_FAMILY = "1,2";
				TVOS_DEPLOYMENT_TARGET = 9.0;
				WATCHOS_DEPLOYMENT_TARGET = 2.0;
			};
			name = Release;
		};
		2D92DD312301262500A96858 /* Debug */ = {
			isa = XCBuildConfiguration;
			buildSettings = {
				ALWAYS_EMBED_SWIFT_STANDARD_LIBRARIES = YES;
				CLANG_ENABLE_MODULES = YES;
				CODE_SIGN_STYLE = Automatic;
				GCC_OPTIMIZATION_LEVEL = 0;
				INFOPLIST_FILE = KakaJSONTests/Info.plist;
				IPHONEOS_DEPLOYMENT_TARGET = 8.0;
				LD_RUNPATH_SEARCH_PATHS = (
					"$(inherited)",
					"@executable_path/Frameworks",
					"@loader_path/Frameworks",
				);
				MACOSX_DEPLOYMENT_TARGET = 10.9;
				PRODUCT_BUNDLE_IDENTIFIER = com.mj.KakaJSONTests;
				PRODUCT_NAME = "$(TARGET_NAME)";
				SWIFT_OBJC_BRIDGING_HEADER = "KakaJSONTests/KakaJSONTests-Bridging-Header.h";
				SWIFT_OPTIMIZATION_LEVEL = "-Onone";
				SWIFT_VERSION = 5.0;
				TARGETED_DEVICE_FAMILY = "1,2";
				TVOS_DEPLOYMENT_TARGET = 9.0;
				WATCHOS_DEPLOYMENT_TARGET = 2.0;
			};
			name = Debug;
		};
		2D92DD322301262500A96858 /* Release */ = {
			isa = XCBuildConfiguration;
			buildSettings = {
				ALWAYS_EMBED_SWIFT_STANDARD_LIBRARIES = YES;
				CLANG_ENABLE_MODULES = YES;
				CODE_SIGN_STYLE = Automatic;
				GCC_OPTIMIZATION_LEVEL = s;
				INFOPLIST_FILE = KakaJSONTests/Info.plist;
				IPHONEOS_DEPLOYMENT_TARGET = 8.0;
				LD_RUNPATH_SEARCH_PATHS = (
					"$(inherited)",
					"@executable_path/Frameworks",
					"@loader_path/Frameworks",
				);
				MACOSX_DEPLOYMENT_TARGET = 10.9;
				PRODUCT_BUNDLE_IDENTIFIER = com.mj.KakaJSONTests;
				PRODUCT_NAME = "$(TARGET_NAME)";
				SWIFT_OBJC_BRIDGING_HEADER = "KakaJSONTests/KakaJSONTests-Bridging-Header.h";
				SWIFT_VERSION = 5.0;
				TARGETED_DEVICE_FAMILY = "1,2";
				TVOS_DEPLOYMENT_TARGET = 9.0;
				WATCHOS_DEPLOYMENT_TARGET = 2.0;
			};
			name = Release;
		};
/* End XCBuildConfiguration section */

/* Begin XCConfigurationList section */
		2D92DD132301262500A96858 /* Build configuration list for PBXProject "KakaJSON" */ = {
			isa = XCConfigurationList;
			buildConfigurations = (
				2D92DD2B2301262500A96858 /* Debug */,
				2D92DD2C2301262500A96858 /* Release */,
			);
			defaultConfigurationIsVisible = 0;
			defaultConfigurationName = Release;
		};
		2D92DD2D2301262500A96858 /* Build configuration list for PBXNativeTarget "KakaJSON" */ = {
			isa = XCConfigurationList;
			buildConfigurations = (
				2D92DD2E2301262500A96858 /* Debug */,
				2D92DD2F2301262500A96858 /* Release */,
			);
			defaultConfigurationIsVisible = 0;
			defaultConfigurationName = Release;
		};
		2D92DD302301262500A96858 /* Build configuration list for PBXNativeTarget "KakaJSONTests" */ = {
			isa = XCConfigurationList;
			buildConfigurations = (
				2D92DD312301262500A96858 /* Debug */,
				2D92DD322301262500A96858 /* Release */,
			);
			defaultConfigurationIsVisible = 0;
			defaultConfigurationName = Release;
		};
/* End XCConfigurationList section */
	};
	rootObject = 2D92DD102301262500A96858 /* Project object */;
}
